// !$*UTF8*$!
{
	archiveVersion = 1;
	classes = {
	};
	objectVersion = 77;
	objects = {

/* Begin PBXBuildFile section */
		C3CE4DE02DB6168E00357F86 /* Moya in Frameworks */ = {isa = PBXBuildFile; productRef = C3CE4DDF2DB6168E00357F86 /* Moya */; };
		C3E007B42F1F8EBA004CBAD6 /* Debug.xcconfig in Resources */ = {isa = PBXBuildFile; fileRef = C3E007B32F1F8EB1004CBAD6 /* Debug.xcconfig */; };
		C3E007B62F1F8FDC004CBAD6 /* Release.xcconfig in Sources */ = {isa = PBXBuildFile; fileRef = C3E007B52F1F8FD2004CBAD6 /* Release.xcconfig */; };
		C3E008D52F20E16A004CBAD6 /* WidgetKit.framework in Frameworks */ = {isa = PBXBuildFile; fileRef = C3E008D42F20E16A004CBAD6 /* WidgetKit.framework */; };
		C3E008D72F20E16A004CBAD6 /* SwiftUI.framework in Frameworks */ = {isa = PBXBuildFile; fileRef = C3E008D62F20E16A004CBAD6 /* SwiftUI.framework */; };
		C3E008E82F20E16C004CBAD6 /* NowerTodayWidgetExtensionExtension.appex in Embed Foundation Extensions */ = {isa = PBXBuildFile; fileRef = C3E008D22F20E16A004CBAD6 /* NowerTodayWidgetExtensionExtension.appex */; settings = {ATTRIBUTES = (RemoveHeadersOnCopy, ); }; };
		C3E07EF92DA8E5D200BB0D0A /* SnapKit in Frameworks */ = {isa = PBXBuildFile; productRef = C3E07EF82DA8E5D200BB0D0A /* SnapKit */; };
/* End PBXBuildFile section */

/* Begin PBXContainerItemProxy section */
		C3E008E62F20E16C004CBAD6 /* PBXContainerItemProxy */ = {
			isa = PBXContainerItemProxy;
			containerPortal = C3E07EC92DA8E2CA00BB0D0A /* Project object */;
			proxyType = 1;
			remoteGlobalIDString = C3E008D12F20E16A004CBAD6;
			remoteInfo = NowerTodayWidgetExtensionExtension;
		};
/* End PBXContainerItemProxy section */

/* Begin PBXCopyFilesBuildPhase section */
		C3E008E92F20E16C004CBAD6 /* Embed Foundation Extensions */ = {
			isa = PBXCopyFilesBuildPhase;
			buildActionMask = 2147483647;
			dstPath = "";
			dstSubfolderSpec = 13;
			files = (
				C3E008E82F20E16C004CBAD6 /* NowerTodayWidgetExtensionExtension.appex in Embed Foundation Extensions */,
			);
			name = "Embed Foundation Extensions";
			runOnlyForDeploymentPostprocessing = 0;
		};
/* End PBXCopyFilesBuildPhase section */

/* Begin PBXFileReference section */
		C3E007B32F1F8EB1004CBAD6 /* Debug.xcconfig */ = {isa = PBXFileReference; lastKnownFileType = text.xcconfig; path = Debug.xcconfig; sourceTree = "<group>"; };
		C3E007B52F1F8FD2004CBAD6 /* Release.xcconfig */ = {isa = PBXFileReference; lastKnownFileType = text.xcconfig; path = Release.xcconfig; sourceTree = "<group>"; };
		C3E008D22F20E16A004CBAD6 /* NowerTodayWidgetExtensionExtension.appex */ = {isa = PBXFileReference; explicitFileType = "wrapper.app-extension"; includeInIndex = 0; path = NowerTodayWidgetExtensionExtension.appex; sourceTree = BUILT_PRODUCTS_DIR; };
		C3E008D42F20E16A004CBAD6 /* WidgetKit.framework */ = {isa = PBXFileReference; lastKnownFileType = wrapper.framework; name = WidgetKit.framework; path = System/Library/Frameworks/WidgetKit.framework; sourceTree = SDKROOT; };
		C3E008D62F20E16A004CBAD6 /* SwiftUI.framework */ = {isa = PBXFileReference; lastKnownFileType = wrapper.framework; name = SwiftUI.framework; path = System/Library/Frameworks/SwiftUI.framework; sourceTree = SDKROOT; };
		C3E008F82F20E33B004CBAD6 /* NowerTodayWidgetExtensionExtension.entitlements */ = {isa = PBXFileReference; lastKnownFileType = text.plist.entitlements; path = NowerTodayWidgetExtensionExtension.entitlements; sourceTree = "<group>"; };
		C3E07ED12DA8E2CA00BB0D0A /* Nower.app */ = {isa = PBXFileReference; explicitFileType = wrapper.application; includeInIndex = 0; path = Nower.app; sourceTree = BUILT_PRODUCTS_DIR; };
/* End PBXFileReference section */

/* Begin PBXFileSystemSynchronizedBuildFileExceptionSet section */
		C3E008D92F20E16B004CBAD6 /* Exceptions for "NowerTodayWidgetExtension" folder in "NowerTodayWidgetExtensionExtension" target */ = {
			isa = PBXFileSystemSynchronizedBuildFileExceptionSet;
			membershipExceptions = (
				Info.plist,
			);
			target = C3E008D12F20E16A004CBAD6 /* NowerTodayWidgetExtensionExtension */;
		};
		C3E07EE32DA8E2CB00BB0D0A /* Exceptions for "Nower-iOS" folder in "Nower-iOS" target */ = {
			isa = PBXFileSystemSynchronizedBuildFileExceptionSet;
			membershipExceptions = (
				Info.plist,
			);
			target = C3E07ED02DA8E2CA00BB0D0A /* Nower-iOS */;
		};
/* End PBXFileSystemSynchronizedBuildFileExceptionSet section */

/* Begin PBXFileSystemSynchronizedRootGroup section */
		C3E008D82F20E16B004CBAD6 /* NowerTodayWidgetExtension */ = {
			isa = PBXFileSystemSynchronizedRootGroup;
			exceptions = (
				C3E008D92F20E16B004CBAD6 /* Exceptions for "NowerTodayWidgetExtension" folder in "NowerTodayWidgetExtensionExtension" target */,
			);
			path = NowerTodayWidgetExtension;
			sourceTree = "<group>";
		};
		C3E07ED32DA8E2CA00BB0D0A /* Nower-iOS */ = {
			isa = PBXFileSystemSynchronizedRootGroup;
			exceptions = (
				C3E07EE32DA8E2CB00BB0D0A /* Exceptions for "Nower-iOS" folder in "Nower-iOS" target */,
			);
			path = "Nower-iOS";
			sourceTree = "<group>";
		};
/* End PBXFileSystemSynchronizedRootGroup section */

/* Begin PBXFrameworksBuildPhase section */
		C3E008CF2F20E16A004CBAD6 /* Frameworks */ = {
			isa = PBXFrameworksBuildPhase;
			buildActionMask = 2147483647;
			files = (
				C3E008D72F20E16A004CBAD6 /* SwiftUI.framework in Frameworks */,
				C3E008D52F20E16A004CBAD6 /* WidgetKit.framework in Frameworks */,
			);
			runOnlyForDeploymentPostprocessing = 0;
		};
		C3E07ECE2DA8E2CA00BB0D0A /* Frameworks */ = {
			isa = PBXFrameworksBuildPhase;
			buildActionMask = 2147483647;
			files = (
				C3CE4DE02DB6168E00357F86 /* Moya in Frameworks */,
				C3E07EF92DA8E5D200BB0D0A /* SnapKit in Frameworks */,
			);
			runOnlyForDeploymentPostprocessing = 0;
		};
/* End PBXFrameworksBuildPhase section */

/* Begin PBXGroup section */
		C3C6EADB2DC5D05200302399 /* Recovered References */ = {
			isa = PBXGroup;
			children = (
				C3E007B32F1F8EB1004CBAD6 /* Debug.xcconfig */,
				C3E007B52F1F8FD2004CBAD6 /* Release.xcconfig */,
			);
			name = "Recovered References";
			sourceTree = "<group>";
		};
		C3E008D32F20E16A004CBAD6 /* Frameworks */ = {
			isa = PBXGroup;
			children = (
				C3E008D42F20E16A004CBAD6 /* WidgetKit.framework */,
				C3E008D62F20E16A004CBAD6 /* SwiftUI.framework */,
			);
			name = Frameworks;
			sourceTree = "<group>";
		};
		C3E07EC82DA8E2CA00BB0D0A = {
			isa = PBXGroup;
			children = (
				C3E008F82F20E33B004CBAD6 /* NowerTodayWidgetExtensionExtension.entitlements */,
				C3E07ED32DA8E2CA00BB0D0A /* Nower-iOS */,
				C3E008D82F20E16B004CBAD6 /* NowerTodayWidgetExtension */,
				C3E008D32F20E16A004CBAD6 /* Frameworks */,
				C3E07ED22DA8E2CA00BB0D0A /* Products */,
				C3C6EADB2DC5D05200302399 /* Recovered References */,
			);
			sourceTree = "<group>";
		};
		C3E07ED22DA8E2CA00BB0D0A /* Products */ = {
			isa = PBXGroup;
			children = (
				C3E07ED12DA8E2CA00BB0D0A /* Nower.app */,
				C3E008D22F20E16A004CBAD6 /* NowerTodayWidgetExtensionExtension.appex */,
			);
			name = Products;
			sourceTree = "<group>";
		};
/* End PBXGroup section */

/* Begin PBXNativeTarget section */
		C3E008D12F20E16A004CBAD6 /* NowerTodayWidgetExtensionExtension */ = {
			isa = PBXNativeTarget;
			buildConfigurationList = C3E008EC2F20E16C004CBAD6 /* Build configuration list for PBXNativeTarget "NowerTodayWidgetExtensionExtension" */;
			buildPhases = (
				C3E008CE2F20E16A004CBAD6 /* Sources */,
				C3E008CF2F20E16A004CBAD6 /* Frameworks */,
				C3E008D02F20E16A004CBAD6 /* Resources */,
			);
			buildRules = (
			);
			dependencies = (
			);
			fileSystemSynchronizedGroups = (
				C3E008D82F20E16B004CBAD6 /* NowerTodayWidgetExtension */,
			);
			name = NowerTodayWidgetExtensionExtension;
			packageProductDependencies = (
			);
			productName = NowerTodayWidgetExtensionExtension;
			productReference = C3E008D22F20E16A004CBAD6 /* NowerTodayWidgetExtensionExtension.appex */;
			productType = "com.apple.product-type.app-extension";
		};
		C3E07ED02DA8E2CA00BB0D0A /* Nower-iOS */ = {
			isa = PBXNativeTarget;
			buildConfigurationList = C3E07EE42DA8E2CB00BB0D0A /* Build configuration list for PBXNativeTarget "Nower-iOS" */;
			buildPhases = (
				C3E07ECD2DA8E2CA00BB0D0A /* Sources */,
				C3E07ECE2DA8E2CA00BB0D0A /* Frameworks */,
				C3E07ECF2DA8E2CA00BB0D0A /* Resources */,
				C3E008E92F20E16C004CBAD6 /* Embed Foundation Extensions */,
			);
			buildRules = (
			);
			dependencies = (
				C3E008E72F20E16C004CBAD6 /* PBXTargetDependency */,
			);
			fileSystemSynchronizedGroups = (
				C3E07ED32DA8E2CA00BB0D0A /* Nower-iOS */,
			);
			name = "Nower-iOS";
			packageProductDependencies = (
				C3E07EF82DA8E5D200BB0D0A /* SnapKit */,
				C3CE4DDF2DB6168E00357F86 /* Moya */,
			);
			productName = "Nower-iOS";
			productReference = C3E07ED12DA8E2CA00BB0D0A /* Nower.app */;
			productType = "com.apple.product-type.application";
		};
/* End PBXNativeTarget section */

/* Begin PBXProject section */
		C3E07EC92DA8E2CA00BB0D0A /* Project object */ = {
			isa = PBXProject;
			attributes = {
				BuildIndependentTargetsInParallel = 1;
				LastSwiftUpdateCheck = 2620;
				LastUpgradeCheck = 1620;
				TargetAttributes = {
					C3E008D12F20E16A004CBAD6 = {
						CreatedOnToolsVersion = 26.2;
					};
					C3E07ED02DA8E2CA00BB0D0A = {
						CreatedOnToolsVersion = 16.2;
					};
				};
			};
			buildConfigurationList = C3E07ECC2DA8E2CA00BB0D0A /* Build configuration list for PBXProject "Nower-iOS" */;
			developmentRegion = en;
			hasScannedForEncodings = 0;
			knownRegions = (
				en,
				Base,
			);
			mainGroup = C3E07EC82DA8E2CA00BB0D0A;
			minimizedProjectReferenceProxies = 1;
			packageReferences = (
				C3E07EF72DA8E5D200BB0D0A /* XCRemoteSwiftPackageReference "SnapKit" */,
				C3CE4DDE2DB6168E00357F86 /* XCRemoteSwiftPackageReference "Moya" */,
			);
			preferredProjectObjectVersion = 77;
			productRefGroup = C3E07ED22DA8E2CA00BB0D0A /* Products */;
			projectDirPath = "";
			projectRoot = "";
			targets = (
				C3E07ED02DA8E2CA00BB0D0A /* Nower-iOS */,
				C3E008D12F20E16A004CBAD6 /* NowerTodayWidgetExtensionExtension */,
			);
		};
/* End PBXProject section */

/* Begin PBXResourcesBuildPhase section */
		C3E008D02F20E16A004CBAD6 /* Resources */ = {
			isa = PBXResourcesBuildPhase;
			buildActionMask = 2147483647;
			files = (
			);
			runOnlyForDeploymentPostprocessing = 0;
		};
		C3E07ECF2DA8E2CA00BB0D0A /* Resources */ = {
			isa = PBXResourcesBuildPhase;
			buildActionMask = 2147483647;
			files = (
				C3E007B42F1F8EBA004CBAD6 /* Debug.xcconfig in Resources */,
			);
			runOnlyForDeploymentPostprocessing = 0;
		};
/* End PBXResourcesBuildPhase section */

/* Begin PBXSourcesBuildPhase section */
		C3E008CE2F20E16A004CBAD6 /* Sources */ = {
			isa = PBXSourcesBuildPhase;
			buildActionMask = 2147483647;
			files = (
			);
			runOnlyForDeploymentPostprocessing = 0;
		};
		C3E07ECD2DA8E2CA00BB0D0A /* Sources */ = {
			isa = PBXSourcesBuildPhase;
			buildActionMask = 2147483647;
			files = (
				C3E007B62F1F8FDC004CBAD6 /* Release.xcconfig in Sources */,
			);
			runOnlyForDeploymentPostprocessing = 0;
		};
/* End PBXSourcesBuildPhase section */

/* Begin PBXTargetDependency section */
		C3E008E72F20E16C004CBAD6 /* PBXTargetDependency */ = {
			isa = PBXTargetDependency;
			target = C3E008D12F20E16A004CBAD6 /* NowerTodayWidgetExtensionExtension */;
			targetProxy = C3E008E62F20E16C004CBAD6 /* PBXContainerItemProxy */;
		};
/* End PBXTargetDependency section */

/* Begin XCBuildConfiguration section */
		C3E008EA2F20E16C004CBAD6 /* Debug */ = {
			isa = XCBuildConfiguration;
			buildSettings = {
				ASSETCATALOG_COMPILER_GLOBAL_ACCENT_COLOR_NAME = AccentColor;
				ASSETCATALOG_COMPILER_WIDGET_BACKGROUND_COLOR_NAME = WidgetBackground;
				CODE_SIGN_ENTITLEMENTS = NowerTodayWidgetExtensionExtension.entitlements;
				CODE_SIGN_IDENTITY = "Apple Development";
				CODE_SIGN_STYLE = Automatic;
				CURRENT_PROJECT_VERSION = 1;
				DEVELOPMENT_TEAM = 39MK2JX9R4;
				GENERATE_INFOPLIST_FILE = NO;
				INFOPLIST_FILE = NowerTodayWidgetExtension/Info.plist;
				INFOPLIST_KEY_CFBundleDisplayName = NowerTodayWidgetExtension;
				INFOPLIST_KEY_NSHumanReadableCopyright = "";
				IPHONEOS_DEPLOYMENT_TARGET = 26.2;
				LD_RUNPATH_SEARCH_PATHS = (
					"$(inherited)",
					"@executable_path/Frameworks",
					"@executable_path/../../Frameworks",
				);
				MARKETING_VERSION = 1.0;
				PRODUCT_BUNDLE_IDENTIFIER = pr.jongwon.Nower.NowerTodayWidgetExtension;
				PRODUCT_NAME = "$(TARGET_NAME)";
				SKIP_INSTALL = YES;
				STRING_CATALOG_GENERATE_SYMBOLS = YES;
				SWIFT_APPROACHABLE_CONCURRENCY = YES;
				SWIFT_EMIT_LOC_STRINGS = YES;
				SWIFT_UPCOMING_FEATURE_MEMBER_IMPORT_VISIBILITY = YES;
				SWIFT_VERSION = 5.0;
				TARGETED_DEVICE_FAMILY = "1,2";
			};
			name = Debug;
		};
		C3E008EB2F20E16C004CBAD6 /* Release */ = {
			isa = XCBuildConfiguration;
			buildSettings = {
				ASSETCATALOG_COMPILER_GLOBAL_ACCENT_COLOR_NAME = AccentColor;
				ASSETCATALOG_COMPILER_WIDGET_BACKGROUND_COLOR_NAME = WidgetBackground;
				CODE_SIGN_ENTITLEMENTS = NowerTodayWidgetExtensionExtension.entitlements;
				CODE_SIGN_IDENTITY = "Apple Development";
				CODE_SIGN_STYLE = Automatic;
				CURRENT_PROJECT_VERSION = 1;
				DEVELOPMENT_TEAM = 39MK2JX9R4;
				GENERATE_INFOPLIST_FILE = NO;
				INFOPLIST_FILE = NowerTodayWidgetExtension/Info.plist;
				INFOPLIST_KEY_CFBundleDisplayName = NowerTodayWidgetExtension;
				INFOPLIST_KEY_NSHumanReadableCopyright = "";
				IPHONEOS_DEPLOYMENT_TARGET = 26.2;
				LD_RUNPATH_SEARCH_PATHS = (
					"$(inherited)",
					"@executable_path/Frameworks",
					"@executable_path/../../Frameworks",
				);
				MARKETING_VERSION = 1.0;
				PRODUCT_BUNDLE_IDENTIFIER = pr.jongwon.Nower.NowerTodayWidgetExtension;
				PRODUCT_NAME = "$(TARGET_NAME)";
				SKIP_INSTALL = YES;
				STRING_CATALOG_GENERATE_SYMBOLS = YES;
				SWIFT_APPROACHABLE_CONCURRENCY = YES;
				SWIFT_EMIT_LOC_STRINGS = YES;
				SWIFT_UPCOMING_FEATURE_MEMBER_IMPORT_VISIBILITY = YES;
				SWIFT_VERSION = 5.0;
				TARGETED_DEVICE_FAMILY = "1,2";
			};
			name = Release;
		};
		C3E07EE52DA8E2CB00BB0D0A /* Debug */ = {
			isa = XCBuildConfiguration;
			baseConfigurationReference = C3E007B32F1F8EB1004CBAD6 /* Debug.xcconfig */;
			buildSettings = {
				ASSETCATALOG_COMPILER_APPICON_NAME = AppIcon;
				ASSETCATALOG_COMPILER_GLOBAL_ACCENT_COLOR_NAME = AccentColor;
				CODE_SIGN_ENTITLEMENTS = "Nower-iOS/Nower-iOS.entitlements";
				CODE_SIGN_IDENTITY = "Apple Development";
				CODE_SIGN_STYLE = Automatic;
				CURRENT_PROJECT_VERSION = 1;
				DEVELOPMENT_TEAM = 39MK2JX9R4;
				GENERATE_INFOPLIST_FILE = YES;
				INFOPLIST_FILE = "Nower-iOS/Info.plist";
				INFOPLIST_KEY_CFBundleDisplayName = Nower;
				INFOPLIST_KEY_UIApplicationSupportsIndirectInputEvents = YES;
				INFOPLIST_KEY_UILaunchStoryboardName = LaunchScreen;
				INFOPLIST_KEY_UIMainStoryboardFile = Main;
				INFOPLIST_KEY_UISupportedInterfaceOrientations_iPad = "UIInterfaceOrientationPortrait UIInterfaceOrientationPortraitUpsideDown UIInterfaceOrientationLandscapeLeft UIInterfaceOrientationLandscapeRight";
				INFOPLIST_KEY_UISupportedInterfaceOrientations_iPhone = "UIInterfaceOrientationPortrait UIInterfaceOrientationLandscapeLeft UIInterfaceOrientationLandscapeRight";
				LD_RUNPATH_SEARCH_PATHS = (
					"$(inherited)",
					"@executable_path/Frameworks",
				);
				MARKETING_VERSION = 1.0;
				PRODUCT_BUNDLE_IDENTIFIER = pr.jongwon.Nower;
				PRODUCT_NAME = Nower;
				PROVISIONING_PROFILE_SPECIFIER = "";
				SWIFT_EMIT_LOC_STRINGS = YES;
				SWIFT_VERSION = 5.0;
				TARGETED_DEVICE_FAMILY = "1,2";
			};
			name = Debug;
		};
		C3E07EE62DA8E2CB00BB0D0A /* Release */ = {
			isa = XCBuildConfiguration;
			baseConfigurationReference = C3E007B52F1F8FD2004CBAD6 /* Release.xcconfig */;
			buildSettings = {
				ASSETCATALOG_COMPILER_APPICON_NAME = AppIcon;
				ASSETCATALOG_COMPILER_GLOBAL_ACCENT_COLOR_NAME = AccentColor;
				CODE_SIGN_ENTITLEMENTS = "Nower-iOS/Nower-iOS.entitlements";
				CODE_SIGN_IDENTITY = "Apple Development";
				CODE_SIGN_STYLE = Automatic;
				CURRENT_PROJECT_VERSION = 1;
				DEVELOPMENT_TEAM = 39MK2JX9R4;
				GENERATE_INFOPLIST_FILE = YES;
				INFOPLIST_FILE = "Nower-iOS/Info.plist";
				INFOPLIST_KEY_CFBundleDisplayName = Nower;
				INFOPLIST_KEY_UIApplicationSupportsIndirectInputEvents = YES;
				INFOPLIST_KEY_UILaunchStoryboardName = LaunchScreen;
				INFOPLIST_KEY_UIMainStoryboardFile = Main;
				INFOPLIST_KEY_UISupportedInterfaceOrientations_iPad = "UIInterfaceOrientationPortrait UIInterfaceOrientationPortraitUpsideDown UIInterfaceOrientationLandscapeLeft UIInterfaceOrientationLandscapeRight";
				INFOPLIST_KEY_UISupportedInterfaceOrientations_iPhone = "UIInterfaceOrientationPortrait UIInterfaceOrientationLandscapeLeft UIInterfaceOrientationLandscapeRight";
				LD_RUNPATH_SEARCH_PATHS = (
					"$(inherited)",
					"@executable_path/Frameworks",
				);
				MARKETING_VERSION = 1.0;
				PRODUCT_BUNDLE_IDENTIFIER = pr.jongwon.Nower;
				PRODUCT_NAME = Nower;
				PROVISIONING_PROFILE_SPECIFIER = "";
				SWIFT_EMIT_LOC_STRINGS = YES;
				SWIFT_VERSION = 5.0;
				TARGETED_DEVICE_FAMILY = "1,2";
			};
			name = Release;
		};
		C3E07EE72DA8E2CB00BB0D0A /* Debug */ = {
			isa = XCBuildConfiguration;
			buildSettings = {
				ALWAYS_SEARCH_USER_PATHS = NO;
				ASSETCATALOG_COMPILER_GENERATE_SWIFT_ASSET_SYMBOL_EXTENSIONS = YES;
				CLANG_ANALYZER_NONNULL = YES;
				CLANG_ANALYZER_NUMBER_OBJECT_CONVERSION = YES_AGGRESSIVE;
				CLANG_CXX_LANGUAGE_STANDARD = "gnu++20";
				CLANG_ENABLE_MODULES = YES;
				CLANG_ENABLE_OBJC_ARC = YES;
				CLANG_ENABLE_OBJC_WEAK = YES;
				CLANG_WARN_BLOCK_CAPTURE_AUTORELEASING = YES;
				CLANG_WARN_BOOL_CONVERSION = YES;
				CLANG_WARN_COMMA = YES;
				CLANG_WARN_CONSTANT_CONVERSION = YES;
				CLANG_WARN_DEPRECATED_OBJC_IMPLEMENTATIONS = YES;
				CLANG_WARN_DIRECT_OBJC_ISA_USAGE = YES_ERROR;
				CLANG_WARN_DOCUMENTATION_COMMENTS = YES;
				CLANG_WARN_EMPTY_BODY = YES;
				CLANG_WARN_ENUM_CONVERSION = YES;
				CLANG_WARN_INFINITE_RECURSION = YES;
				CLANG_WARN_INT_CONVERSION = YES;
				CLANG_WARN_NON_LITERAL_NULL_CONVERSION = YES;
				CLANG_WARN_OBJC_IMPLICIT_RETAIN_SELF = YES;
				CLANG_WARN_OBJC_LITERAL_CONVERSION = YES;
				CLANG_WARN_OBJC_ROOT_CLASS = YES_ERROR;
				CLANG_WARN_QUOTED_INCLUDE_IN_FRAMEWORK_HEADER = YES;
				CLANG_WARN_RANGE_LOOP_ANALYSIS = YES;
				CLANG_WARN_STRICT_PROTOTYPES = YES;
				CLANG_WARN_SUSPICIOUS_MOVE = YES;
				CLANG_WARN_UNGUARDED_AVAILABILITY = YES_AGGRESSIVE;
				CLANG_WARN_UNREACHABLE_CODE = YES;
				CLANG_WARN__DUPLICATE_METHOD_MATCH = YES;
				COPY_PHASE_STRIP = NO;
				DEBUG_INFORMATION_FORMAT = dwarf;
				ENABLE_STRICT_OBJC_MSGSEND = YES;
				ENABLE_TESTABILITY = YES;
				ENABLE_USER_SCRIPT_SANDBOXING = YES;
				GCC_C_LANGUAGE_STANDARD = gnu17;
				GCC_DYNAMIC_NO_PIC = NO;
				GCC_NO_COMMON_BLOCKS = YES;
				GCC_OPTIMIZATION_LEVEL = 0;
				GCC_PREPROCESSOR_DEFINITIONS = (
					"DEBUG=1",
					"$(inherited)",
				);
				GCC_WARN_64_TO_32_BIT_CONVERSION = YES;
				GCC_WARN_ABOUT_RETURN_TYPE = YES_ERROR;
				GCC_WARN_UNDECLARED_SELECTOR = YES;
				GCC_WARN_UNINITIALIZED_AUTOS = YES_AGGRESSIVE;
				GCC_WARN_UNUSED_FUNCTION = YES;
				GCC_WARN_UNUSED_VARIABLE = YES;
				IPHONEOS_DEPLOYMENT_TARGET = 18.2;
				LOCALIZATION_PREFERS_STRING_CATALOGS = YES;
				MTL_ENABLE_DEBUG_INFO = INCLUDE_SOURCE;
				MTL_FAST_MATH = YES;
				ONLY_ACTIVE_ARCH = YES;
				SDKROOT = iphoneos;
				SWIFT_ACTIVE_COMPILATION_CONDITIONS = "DEBUG $(inherited)";
				SWIFT_OPTIMIZATION_LEVEL = "-Onone";
			};
			name = Debug;
		};
		C3E07EE82DA8E2CB00BB0D0A /* Release */ = {
			isa = XCBuildConfiguration;
			buildSettings = {
				ALWAYS_SEARCH_USER_PATHS = NO;
				ASSETCATALOG_COMPILER_GENERATE_SWIFT_ASSET_SYMBOL_EXTENSIONS = YES;
				CLANG_ANALYZER_NONNULL = YES;
				CLANG_ANALYZER_NUMBER_OBJECT_CONVERSION = YES_AGGRESSIVE;
				CLANG_CXX_LANGUAGE_STANDARD = "gnu++20";
				CLANG_ENABLE_MODULES = YES;
				CLANG_ENABLE_OBJC_ARC = YES;
				CLANG_ENABLE_OBJC_WEAK = YES;
				CLANG_WARN_BLOCK_CAPTURE_AUTORELEASING = YES;
				CLANG_WARN_BOOL_CONVERSION = YES;
				CLANG_WARN_COMMA = YES;
				CLANG_WARN_CONSTANT_CONVERSION = YES;
				CLANG_WARN_DEPRECATED_OBJC_IMPLEMENTATIONS = YES;
				CLANG_WARN_DIRECT_OBJC_ISA_USAGE = YES_ERROR;
				CLANG_WARN_DOCUMENTATION_COMMENTS = YES;
				CLANG_WARN_EMPTY_BODY = YES;
				CLANG_WARN_ENUM_CONVERSION = YES;
				CLANG_WARN_INFINITE_RECURSION = YES;
				CLANG_WARN_INT_CONVERSION = YES;
				CLANG_WARN_NON_LITERAL_NULL_CONVERSION = YES;
				CLANG_WARN_OBJC_IMPLICIT_RETAIN_SELF = YES;
				CLANG_WARN_OBJC_LITERAL_CONVERSION = YES;
				CLANG_WARN_OBJC_ROOT_CLASS = YES_ERROR;
				CLANG_WARN_QUOTED_INCLUDE_IN_FRAMEWORK_HEADER = YES;
				CLANG_WARN_RANGE_LOOP_ANALYSIS = YES;
				CLANG_WARN_STRICT_PROTOTYPES = YES;
				CLANG_WARN_SUSPICIOUS_MOVE = YES;
				CLANG_WARN_UNGUARDED_AVAILABILITY = YES_AGGRESSIVE;
				CLANG_WARN_UNREACHABLE_CODE = YES;
				CLANG_WARN__DUPLICATE_METHOD_MATCH = YES;
				COPY_PHASE_STRIP = NO;
				DEBUG_INFORMATION_FORMAT = "dwarf-with-dsym";
				ENABLE_NS_ASSERTIONS = NO;
				ENABLE_STRICT_OBJC_MSGSEND = YES;
				ENABLE_USER_SCRIPT_SANDBOXING = YES;
				GCC_C_LANGUAGE_STANDARD = gnu17;
				GCC_NO_COMMON_BLOCKS = YES;
				GCC_WARN_64_TO_32_BIT_CONVERSION = YES;
				GCC_WARN_ABOUT_RETURN_TYPE = YES_ERROR;
				GCC_WARN_UNDECLARED_SELECTOR = YES;
				GCC_WARN_UNINITIALIZED_AUTOS = YES_AGGRESSIVE;
				GCC_WARN_UNUSED_FUNCTION = YES;
				GCC_WARN_UNUSED_VARIABLE = YES;
				IPHONEOS_DEPLOYMENT_TARGET = 18.2;
				LOCALIZATION_PREFERS_STRING_CATALOGS = YES;
				MTL_ENABLE_DEBUG_INFO = NO;
				MTL_FAST_MATH = YES;
				SDKROOT = iphoneos;
				SWIFT_COMPILATION_MODE = wholemodule;
				VALIDATE_PRODUCT = YES;
			};
			name = Release;
		};
/* End XCBuildConfiguration section */

/* Begin XCConfigurationList section */
		C3E008EC2F20E16C004CBAD6 /* Build configuration list for PBXNativeTarget "NowerTodayWidgetExtensionExtension" */ = {
			isa = XCConfigurationList;
			buildConfigurations = (
				C3E008EA2F20E16C004CBAD6 /* Debug */,
				C3E008EB2F20E16C004CBAD6 /* Release */,
			);
			defaultConfigurationIsVisible = 0;
			defaultConfigurationName = Release;
		};
		C3E07ECC2DA8E2CA00BB0D0A /* Build configuration list for PBXProject "Nower-iOS" */ = {
			isa = XCConfigurationList;
			buildConfigurations = (
				C3E07EE72DA8E2CB00BB0D0A /* Debug */,
				C3E07EE82DA8E2CB00BB0D0A /* Release */,
			);
			defaultConfigurationIsVisible = 0;
			defaultConfigurationName = Release;
		};
		C3E07EE42DA8E2CB00BB0D0A /* Build configuration list for PBXNativeTarget "Nower-iOS" */ = {
			isa = XCConfigurationList;
			buildConfigurations = (
				C3E07EE52DA8E2CB00BB0D0A /* Debug */,
				C3E07EE62DA8E2CB00BB0D0A /* Release */,
			);
			defaultConfigurationIsVisible = 0;
			defaultConfigurationName = Release;
		};
/* End XCConfigurationList section */

/* Begin XCRemoteSwiftPackageReference section */
		C3CE4DDE2DB6168E00357F86 /* XCRemoteSwiftPackageReference "Moya" */ = {
			isa = XCRemoteSwiftPackageReference;
			repositoryURL = "https://github.com/Moya/Moya.git";
			requirement = {
				kind = upToNextMajorVersion;
				minimumVersion = 15.0.3;
			};
		};
		C3E07EF72DA8E5D200BB0D0A /* XCRemoteSwiftPackageReference "SnapKit" */ = {
			isa = XCRemoteSwiftPackageReference;
			repositoryURL = "https://github.com/SnapKit/SnapKit";
			requirement = {
				kind = upToNextMajorVersion;
				minimumVersion = 5.7.1;
			};
		};
/* End XCRemoteSwiftPackageReference section */

/* Begin XCSwiftPackageProductDependency section */
		C3CE4DDF2DB6168E00357F86 /* Moya */ = {
			isa = XCSwiftPackageProductDependency;
			package = C3CE4DDE2DB6168E00357F86 /* XCRemoteSwiftPackageReference "Moya" */;
			productName = Moya;
		};
		C3E07EF82DA8E5D200BB0D0A /* SnapKit */ = {
			isa = XCSwiftPackageProductDependency;
			package = C3E07EF72DA8E5D200BB0D0A /* XCRemoteSwiftPackageReference "SnapKit" */;
			productName = SnapKit;
		};
/* End XCSwiftPackageProductDependency section */
	};
	rootObject = C3E07EC92DA8E2CA00BB0D0A /* Project object */;
}
