// !$*UTF8*$!
{
	archiveVersion = 1;
	classes = {
	};
	objectVersion = 77;
	objects = {

/* Begin PBXBuildFile section */
		C3D771472F26490B00398804 /* WidgetKit.framework in Frameworks */ = {isa = PBXBuildFile; fileRef = C36B65902F262D2F00DEB2AF /* WidgetKit.framework */; };
		C3D771482F26490B00398804 /* SwiftUI.framework in Frameworks */ = {isa = PBXBuildFile; fileRef = C36B65922F262D2F00DEB2AF /* SwiftUI.framework */; };
		C3D771572F26490C00398804 /* NowerWidgetExtension.appex in Embed Foundation Extensions */ = {isa = PBXBuildFile; fileRef = C3D771462F26490B00398804 /* NowerWidgetExtension.appex */; settings = {ATTRIBUTES = (RemoveHeadersOnCopy, ); }; };
		C3D775192F2F5E9600398804 /* Release.xcconfig in Sources */ = {isa = PBXBuildFile; fileRef = C3D775182F2F5E8E00398804 /* Release.xcconfig */; };
		C3D7779F2F3A386300398804 /* NowerCore in Frameworks */ = {isa = PBXBuildFile; productRef = C3D7779E2F3A386300398804 /* NowerCore */; };
/* End PBXBuildFile section */

/* Begin PBXContainerItemProxy section */
		C3D771552F26490C00398804 /* PBXContainerItemProxy */ = {
			isa = PBXContainerItemProxy;
			containerPortal = C3B1135D2D6C6A1C00D142B5 /* Project object */;
			proxyType = 1;
			remoteGlobalIDString = C3D771452F26490B00398804;
			remoteInfo = NowerWidgetExtension;
		};
/* End PBXContainerItemProxy section */

/* Begin PBXCopyFilesBuildPhase section */
		C36B65A32F262D3100DEB2AF /* Embed Foundation Extensions */ = {
			isa = PBXCopyFilesBuildPhase;
			buildActionMask = 2147483647;
			dstPath = "";
			dstSubfolderSpec = 13;
			files = (
				C3D771572F26490C00398804 /* NowerWidgetExtension.appex in Embed Foundation Extensions */,
			);
			name = "Embed Foundation Extensions";
			runOnlyForDeploymentPostprocessing = 0;
		};
/* End PBXCopyFilesBuildPhase section */

/* Begin PBXFileReference section */
		C36B65902F262D2F00DEB2AF /* WidgetKit.framework */ = {isa = PBXFileReference; lastKnownFileType = wrapper.framework; name = WidgetKit.framework; path = System/Library/Frameworks/WidgetKit.framework; sourceTree = SDKROOT; };
		C36B65922F262D2F00DEB2AF /* SwiftUI.framework */ = {isa = PBXFileReference; lastKnownFileType = wrapper.framework; name = SwiftUI.framework; path = System/Library/Frameworks/SwiftUI.framework; sourceTree = SDKROOT; };
		C3B113652D6C6A1C00D142B5 /* Nower.app */ = {isa = PBXFileReference; explicitFileType = wrapper.application; includeInIndex = 0; path = Nower.app; sourceTree = BUILT_PRODUCTS_DIR; };
		C3D771462F26490B00398804 /* NowerWidgetExtension.appex */ = {isa = PBXFileReference; explicitFileType = "wrapper.app-extension"; includeInIndex = 0; path = NowerWidgetExtension.appex; sourceTree = BUILT_PRODUCTS_DIR; };
		C3D775182F2F5E8E00398804 /* Release.xcconfig */ = {isa = PBXFileReference; lastKnownFileType = text.xcconfig; path = Release.xcconfig; sourceTree = "<group>"; };
/* End PBXFileReference section */

/* Begin PBXFileSystemSynchronizedBuildFileExceptionSet section */
		C3D771582F26490C00398804 /* Exceptions for "NowerWidget" folder in "NowerWidgetExtension" target */ = {
			isa = PBXFileSystemSynchronizedBuildFileExceptionSet;
			membershipExceptions = (
				Info.plist,
			);
			target = C3D771452F26490B00398804 /* NowerWidgetExtension */;
		};
/* End PBXFileSystemSynchronizedBuildFileExceptionSet section */

/* Begin PBXFileSystemSynchronizedRootGroup section */
		C3B113672D6C6A1C00D142B5 /* Nower */ = {
			isa = PBXFileSystemSynchronizedRootGroup;
			path = Nower;
			sourceTree = "<group>";
		};
		C3D771492F26490B00398804 /* NowerWidget */ = {
			isa = PBXFileSystemSynchronizedRootGroup;
			exceptions = (
				C3D771582F26490C00398804 /* Exceptions for "NowerWidget" folder in "NowerWidgetExtension" target */,
			);
			path = NowerWidget;
			sourceTree = "<group>";
		};
/* End PBXFileSystemSynchronizedRootGroup section */

/* Begin PBXFrameworksBuildPhase section */
		C3B113622D6C6A1C00D142B5 /* Frameworks */ = {
			isa = PBXFrameworksBuildPhase;
			buildActionMask = 2147483647;
			files = (
				C3D7779F2F3A386300398804 /* NowerCore in Frameworks */,
			);
			runOnlyForDeploymentPostprocessing = 0;
		};
		C3D771432F26490B00398804 /* Frameworks */ = {
			isa = PBXFrameworksBuildPhase;
			buildActionMask = 2147483647;
			files = (
				C3D771482F26490B00398804 /* SwiftUI.framework in Frameworks */,
				C3D771472F26490B00398804 /* WidgetKit.framework in Frameworks */,
			);
			runOnlyForDeploymentPostprocessing = 0;
		};
/* End PBXFrameworksBuildPhase section */

/* Begin PBXGroup section */
		C3B1135C2D6C6A1C00D142B5 = {
			isa = PBXGroup;
			children = (
				C3D775182F2F5E8E00398804 /* Release.xcconfig */,
				C3B113672D6C6A1C00D142B5 /* Nower */,
				C3D771492F26490B00398804 /* NowerWidget */,
				C3E00DEA2F25A18E004CBAD6 /* Frameworks */,
				C3B113662D6C6A1C00D142B5 /* Products */,
			);
			sourceTree = "<group>";
		};
		C3B113662D6C6A1C00D142B5 /* Products */ = {
			isa = PBXGroup;
			children = (
				C3B113652D6C6A1C00D142B5 /* Nower.app */,
				C3D771462F26490B00398804 /* NowerWidgetExtension.appex */,
			);
			name = Products;
			sourceTree = "<group>";
		};
		C3E00DEA2F25A18E004CBAD6 /* Frameworks */ = {
			isa = PBXGroup;
			children = (
				C36B65902F262D2F00DEB2AF /* WidgetKit.framework */,
				C36B65922F262D2F00DEB2AF /* SwiftUI.framework */,
			);
			name = Frameworks;
			sourceTree = "<group>";
		};
/* End PBXGroup section */

/* Begin PBXNativeTarget section */
		C3B113642D6C6A1C00D142B5 /* Nower */ = {
			isa = PBXNativeTarget;
			buildConfigurationList = C3B113742D6C6A1D00D142B5 /* Build configuration list for PBXNativeTarget "Nower" */;
			buildPhases = (
				C3B113612D6C6A1C00D142B5 /* Sources */,
				C3B113622D6C6A1C00D142B5 /* Frameworks */,
				C3B113632D6C6A1C00D142B5 /* Resources */,
				C36B65A32F262D3100DEB2AF /* Embed Foundation Extensions */,
			);
			buildRules = (
			);
			dependencies = (
				C3D771562F26490C00398804 /* PBXTargetDependency */,
			);
			fileSystemSynchronizedGroups = (
				C3B113672D6C6A1C00D142B5 /* Nower */,
			);
			name = Nower;
			packageProductDependencies = (
				C3D7779E2F3A386300398804 /* NowerCore */,
			);
			productName = Nower;
			productReference = C3B113652D6C6A1C00D142B5 /* Nower.app */;
			productType = "com.apple.product-type.application";
		};
		C3D771452F26490B00398804 /* NowerWidgetExtension */ = {
			isa = PBXNativeTarget;
			buildConfigurationList = C3D771592F26490C00398804 /* Build configuration list for PBXNativeTarget "NowerWidgetExtension" */;
			buildPhases = (
				C3D771422F26490B00398804 /* Sources */,
				C3D771432F26490B00398804 /* Frameworks */,
				C3D771442F26490B00398804 /* Resources */,
			);
			buildRules = (
			);
			dependencies = (
			);
			fileSystemSynchronizedGroups = (
				C3D771492F26490B00398804 /* NowerWidget */,
			);
			name = NowerWidgetExtension;
			packageProductDependencies = (
			);
			productName = NowerWidgetExtension;
			productReference = C3D771462F26490B00398804 /* NowerWidgetExtension.appex */;
			productType = "com.apple.product-type.app-extension";
		};
/* End PBXNativeTarget section */

/* Begin PBXProject section */
		C3B1135D2D6C6A1C00D142B5 /* Project object */ = {
			isa = PBXProject;
			attributes = {
				BuildIndependentTargetsInParallel = 1;
				LastSwiftUpdateCheck = 2620;
				LastUpgradeCheck = 1600;
				TargetAttributes = {
					C3B113642D6C6A1C00D142B5 = {
						CreatedOnToolsVersion = 16.0;
					};
					C3D771452F26490B00398804 = {
						CreatedOnToolsVersion = 26.2;
					};
				};
			};
			buildConfigurationList = C3B113602D6C6A1C00D142B5 /* Build configuration list for PBXProject "Nower" */;
			developmentRegion = en;
			hasScannedForEncodings = 0;
			knownRegions = (
				en,
				Base,
			);
			mainGroup = C3B1135C2D6C6A1C00D142B5;
			minimizedProjectReferenceProxies = 1;
			packageReferences = (
			);
			preferredProjectObjectVersion = 77;
			productRefGroup = C3B113662D6C6A1C00D142B5 /* Products */;
			projectDirPath = "";
			projectRoot = "";
			targets = (
				C3B113642D6C6A1C00D142B5 /* Nower */,
				C3D771452F26490B00398804 /* NowerWidgetExtension */,
			);
		};
/* End PBXProject section */

/* Begin PBXResourcesBuildPhase section */
		C3B113632D6C6A1C00D142B5 /* Resources */ = {
			isa = PBXResourcesBuildPhase;
			buildActionMask = 2147483647;
			files = (
			);
			runOnlyForDeploymentPostprocessing = 0;
		};
		C3D771442F26490B00398804 /* Resources */ = {
			isa = PBXResourcesBuildPhase;
			buildActionMask = 2147483647;
			files = (
			);
			runOnlyForDeploymentPostprocessing = 0;
		};
/* End PBXResourcesBuildPhase section */

/* Begin PBXSourcesBuildPhase section */
		C3B113612D6C6A1C00D142B5 /* Sources */ = {
			isa = PBXSourcesBuildPhase;
			buildActionMask = 2147483647;
			files = (
				C3D775192F2F5E9600398804 /* Release.xcconfig in Sources */,
			);
			runOnlyForDeploymentPostprocessing = 0;
		};
		C3D771422F26490B00398804 /* Sources */ = {
			isa = PBXSourcesBuildPhase;
			buildActionMask = 2147483647;
			files = (
			);
			runOnlyForDeploymentPostprocessing = 0;
		};
/* End PBXSourcesBuildPhase section */

/* Begin PBXTargetDependency section */
		C3D771562F26490C00398804 /* PBXTargetDependency */ = {
			isa = PBXTargetDependency;
			target = C3D771452F26490B00398804 /* NowerWidgetExtension */;
			targetProxy = C3D771552F26490C00398804 /* PBXContainerItemProxy */;
		};
/* End PBXTargetDependency section */

/* Begin XCBuildConfiguration section */
		C3B113722D6C6A1D00D142B5 /* Debug */ = {
			isa = XCBuildConfiguration;
			buildSettings = {
				ALWAYS_SEARCH_USER_PATHS = NO;
				ASSETCATALOG_COMPILER_GENERATE_SWIFT_ASSET_SYMBOL_EXTENSIONS = YES;
				CLANG_ANALYZER_NONNULL = YES;
				CLANG_ANALYZER_NUMBER_OBJECT_CONVERSION = YES_AGGRESSIVE;
				CLANG_CXX_LANGUAGE_STANDARD = "gnu++20";
				CLANG_ENABLE_MODULES = YES;
				CLANG_ENABLE_OBJC_ARC = YES;
				CLANG_ENABLE_OBJC_WEAK = YES;
				CLANG_WARN_BLOCK_CAPTURE_AUTORELEASING = YES;
				CLANG_WARN_BOOL_CONVERSION = YES;
				CLANG_WARN_COMMA = YES;
				CLANG_WARN_CONSTANT_CONVERSION = YES;
				CLANG_WARN_DEPRECATED_OBJC_IMPLEMENTATIONS = YES;
				CLANG_WARN_DIRECT_OBJC_ISA_USAGE = YES_ERROR;
				CLANG_WARN_DOCUMENTATION_COMMENTS = YES;
				CLANG_WARN_EMPTY_BODY = YES;
				CLANG_WARN_ENUM_CONVERSION = YES;
				CLANG_WARN_INFINITE_RECURSION = YES;
				CLANG_WARN_INT_CONVERSION = YES;
				CLANG_WARN_NON_LITERAL_NULL_CONVERSION = YES;
				CLANG_WARN_OBJC_IMPLICIT_RETAIN_SELF = YES;
				CLANG_WARN_OBJC_LITERAL_CONVERSION = YES;
				CLANG_WARN_OBJC_ROOT_CLASS = YES_ERROR;
				CLANG_WARN_QUOTED_INCLUDE_IN_FRAMEWORK_HEADER = YES;
				CLANG_WARN_RANGE_LOOP_ANALYSIS = YES;
				CLANG_WARN_STRICT_PROTOTYPES = YES;
				CLANG_WARN_SUSPICIOUS_MOVE = YES;
				CLANG_WARN_UNGUARDED_AVAILABILITY = YES_AGGRESSIVE;
				CLANG_WARN_UNREACHABLE_CODE = YES;
				CLANG_WARN__DUPLICATE_METHOD_MATCH = YES;
				COPY_PHASE_STRIP = NO;
				DEBUG_INFORMATION_FORMAT = dwarf;
				ENABLE_STRICT_OBJC_MSGSEND = YES;
				ENABLE_TESTABILITY = YES;
				ENABLE_USER_SCRIPT_SANDBOXING = YES;
				GCC_C_LANGUAGE_STANDARD = gnu17;
				GCC_DYNAMIC_NO_PIC = NO;
				GCC_NO_COMMON_BLOCKS = YES;
				GCC_OPTIMIZATION_LEVEL = 0;
				GCC_PREPROCESSOR_DEFINITIONS = (
					"DEBUG=1",
					"$(inherited)",
				);
				GCC_WARN_64_TO_32_BIT_CONVERSION = YES;
				GCC_WARN_ABOUT_RETURN_TYPE = YES_ERROR;
				GCC_WARN_UNDECLARED_SELECTOR = YES;
				GCC_WARN_UNINITIALIZED_AUTOS = YES_AGGRESSIVE;
				GCC_WARN_UNUSED_FUNCTION = YES;
				GCC_WARN_UNUSED_VARIABLE = YES;
				LOCALIZATION_PREFERS_STRING_CATALOGS = YES;
				MACOSX_DEPLOYMENT_TARGET = 14.6;
				MTL_ENABLE_DEBUG_INFO = INCLUDE_SOURCE;
				MTL_FAST_MATH = YES;
				ONLY_ACTIVE_ARCH = YES;
				SDKROOT = macosx;
				SWIFT_ACTIVE_COMPILATION_CONDITIONS = "DEBUG $(inherited)";
				SWIFT_OPTIMIZATION_LEVEL = "-Onone";
			};
			name = Debug;
		};
		C3B113732D6C6A1D00D142B5 /* Release */ = {
			isa = XCBuildConfiguration;
			baseConfigurationReference = C3D775182F2F5E8E00398804 /* Release.xcconfig */;
			buildSettings = {
				ALWAYS_SEARCH_USER_PATHS = NO;
				ASSETCATALOG_COMPILER_GENERATE_SWIFT_ASSET_SYMBOL_EXTENSIONS = YES;
				CLANG_ANALYZER_NONNULL = YES;
				CLANG_ANALYZER_NUMBER_OBJECT_CONVERSION = YES_AGGRESSIVE;
				CLANG_CXX_LANGUAGE_STANDARD = "gnu++20";
				CLANG_ENABLE_MODULES = YES;
				CLANG_ENABLE_OBJC_ARC = YES;
				CLANG_ENABLE_OBJC_WEAK = YES;
				CLANG_WARN_BLOCK_CAPTURE_AUTORELEASING = YES;
				CLANG_WARN_BOOL_CONVERSION = YES;
				CLANG_WARN_COMMA = YES;
				CLANG_WARN_CONSTANT_CONVERSION = YES;
				CLANG_WARN_DEPRECATED_OBJC_IMPLEMENTATIONS = YES;
				CLANG_WARN_DIRECT_OBJC_ISA_USAGE = YES_ERROR;
				CLANG_WARN_DOCUMENTATION_COMMENTS = YES;
				CLANG_WARN_EMPTY_BODY = YES;
				CLANG_WARN_ENUM_CONVERSION = YES;
				CLANG_WARN_INFINITE_RECURSION = YES;
				CLANG_WARN_INT_CONVERSION = YES;
				CLANG_WARN_NON_LITERAL_NULL_CONVERSION = YES;
				CLANG_WARN_OBJC_IMPLICIT_RETAIN_SELF = YES;
				CLANG_WARN_OBJC_LITERAL_CONVERSION = YES;
				CLANG_WARN_OBJC_ROOT_CLASS = YES_ERROR;
				CLANG_WARN_QUOTED_INCLUDE_IN_FRAMEWORK_HEADER = YES;
				CLANG_WARN_RANGE_LOOP_ANALYSIS = YES;
				CLANG_WARN_STRICT_PROTOTYPES = YES;
				CLANG_WARN_SUSPICIOUS_MOVE = YES;
				CLANG_WARN_UNGUARDED_AVAILABILITY = YES_AGGRESSIVE;
				CLANG_WARN_UNREACHABLE_CODE = YES;
				CLANG_WARN__DUPLICATE_METHOD_MATCH = YES;
				COPY_PHASE_STRIP = NO;
				DEBUG_INFORMATION_FORMAT = "dwarf-with-dsym";
				ENABLE_NS_ASSERTIONS = NO;
				ENABLE_STRICT_OBJC_MSGSEND = YES;
				ENABLE_USER_SCRIPT_SANDBOXING = YES;
				GCC_C_LANGUAGE_STANDARD = gnu17;
				GCC_NO_COMMON_BLOCKS = YES;
				GCC_WARN_64_TO_32_BIT_CONVERSION = YES;
				GCC_WARN_ABOUT_RETURN_TYPE = YES_ERROR;
				GCC_WARN_UNDECLARED_SELECTOR = YES;
				GCC_WARN_UNINITIALIZED_AUTOS = YES_AGGRESSIVE;
				GCC_WARN_UNUSED_FUNCTION = YES;
				GCC_WARN_UNUSED_VARIABLE = YES;
				LOCALIZATION_PREFERS_STRING_CATALOGS = YES;
				MACOSX_DEPLOYMENT_TARGET = 14.6;
				MTL_ENABLE_DEBUG_INFO = NO;
				MTL_FAST_MATH = YES;
				SDKROOT = macosx;
				SWIFT_COMPILATION_MODE = wholemodule;
			};
			name = Release;
		};
		C3B113752D6C6A1D00D142B5 /* Debug */ = {
			isa = XCBuildConfiguration;
			buildSettings = {
				ASSETCATALOG_COMPILER_APPICON_NAME = AppIcon;
				ASSETCATALOG_COMPILER_GLOBAL_ACCENT_COLOR_NAME = AccentColor;
				ASSETCATALOG_COMPILER_INCLUDE_ALL_APPICON_ASSETS = NO;
				CODE_SIGN_ENTITLEMENTS = Nower/Nower.entitlements;
				CODE_SIGN_STYLE = Automatic;
				COMBINE_HIDPI_IMAGES = YES;
				CURRENT_PROJECT_VERSION = 2;
				DEVELOPMENT_ASSET_PATHS = "\"Nower/Preview Content\"";
				DEVELOPMENT_TEAM = 39MK2JX9R4;
				ENABLE_PREVIEWS = YES;
				GENERATE_INFOPLIST_FILE = YES;
				INFOPLIST_FILE = Nower/Info.plist;
				INFOPLIST_KEY_LSApplicationCategoryType = "public.app-category.lifestyle";
				INFOPLIST_KEY_NSHumanReadableCopyright = "";
				KASI_API_KEY = ea233ba6cdc3fe286fd33c568452ca9dd4f0251a6a8d5afd0699c9c13078f85b;
				LD_RUNPATH_SEARCH_PATHS = (
					"$(inherited)",
					"@executable_path/../Frameworks",
				);
				MARKETING_VERSION = 1.0;
				PRODUCT_BUNDLE_IDENTIFIER = pr.jongwon.Nower;
				PRODUCT_NAME = "$(TARGET_NAME)";
				SWIFT_EMIT_LOC_STRINGS = YES;
				SWIFT_VERSION = 5.0;
			};
			name = Debug;
		};
		C3B113762D6C6A1D00D142B5 /* Release */ = {
			isa = XCBuildConfiguration;
			baseConfigurationReference = C3D775182F2F5E8E00398804 /* Release.xcconfig */;
			buildSettings = {
				ASSETCATALOG_COMPILER_APPICON_NAME = AppIcon;
				ASSETCATALOG_COMPILER_GLOBAL_ACCENT_COLOR_NAME = AccentColor;
				ASSETCATALOG_COMPILER_INCLUDE_ALL_APPICON_ASSETS = NO;
				CODE_SIGN_ENTITLEMENTS = Nower/Nower.entitlements;
				CODE_SIGN_STYLE = Automatic;
				COMBINE_HIDPI_IMAGES = YES;
				CURRENT_PROJECT_VERSION = 2;
				DEVELOPMENT_ASSET_PATHS = "\"Nower/Preview Content\"";
				DEVELOPMENT_TEAM = 39MK2JX9R4;
				ENABLE_PREVIEWS = YES;
				GENERATE_INFOPLIST_FILE = YES;
				INFOPLIST_FILE = Nower/Info.plist;
				INFOPLIST_KEY_LSApplicationCategoryType = "public.app-category.lifestyle";
				INFOPLIST_KEY_NSHumanReadableCopyright = "";
				KASI_API_KEY = ea233ba6cdc3fe286fd33c568452ca9dd4f0251a6a8d5afd0699c9c13078f85b;
				LD_RUNPATH_SEARCH_PATHS = (
					"$(inherited)",
					"@executable_path/../Frameworks",
				);
				MARKETING_VERSION = 1.0;
				PRODUCT_BUNDLE_IDENTIFIER = pr.jongwon.Nower;
				PRODUCT_NAME = "$(TARGET_NAME)";
				SWIFT_EMIT_LOC_STRINGS = YES;
				SWIFT_VERSION = 5.0;
			};
			name = Release;
		};
		C3D7715A2F26490C00398804 /* Debug */ = {
			isa = XCBuildConfiguration;
			buildSettings = {
				ASSETCATALOG_COMPILER_GLOBAL_ACCENT_COLOR_NAME = AccentColor;
				ASSETCATALOG_COMPILER_WIDGET_BACKGROUND_COLOR_NAME = WidgetBackground;
				CODE_SIGN_ENTITLEMENTS = NowerWidgetExtension.entitlements;
				CODE_SIGN_STYLE = Automatic;
				CURRENT_PROJECT_VERSION = 2;
				DEVELOPMENT_TEAM = 39MK2JX9R4;
				ENABLE_APP_SANDBOX = YES;
				ENABLE_HARDENED_RUNTIME = YES;
				GENERATE_INFOPLIST_FILE = YES;
				INFOPLIST_FILE = NowerWidget/Info.plist;
				INFOPLIST_KEY_CFBundleDisplayName = "Nower 위젯";
				INFOPLIST_KEY_NSHumanReadableCopyright = "";
				LD_RUNPATH_SEARCH_PATHS = (
					"$(inherited)",
					"@executable_path/../Frameworks",
					"@executable_path/../../../../Frameworks",
				);
				MACOSX_DEPLOYMENT_TARGET = 15.7;
				MARKETING_VERSION = 1.0;
				PRODUCT_BUNDLE_IDENTIFIER = pr.jongwon.Nower.NowerWidget;
				PRODUCT_NAME = "$(TARGET_NAME)";
				SKIP_INSTALL = YES;
				STRING_CATALOG_GENERATE_SYMBOLS = YES;
				SWIFT_APPROACHABLE_CONCURRENCY = YES;
				SWIFT_EMIT_LOC_STRINGS = YES;
				SWIFT_UPCOMING_FEATURE_MEMBER_IMPORT_VISIBILITY = YES;
				SWIFT_VERSION = 5.0;
			};
			name = Debug;
		};
		C3D7715B2F26490C00398804 /* Release */ = {
			isa = XCBuildConfiguration;
			baseConfigurationReference = C3D775182F2F5E8E00398804 /* Release.xcconfig */;
			buildSettings = {
				ASSETCATALOG_COMPILER_GLOBAL_ACCENT_COLOR_NAME = AccentColor;
				ASSETCATALOG_COMPILER_WIDGET_BACKGROUND_COLOR_NAME = WidgetBackground;
				CODE_SIGN_ENTITLEMENTS = NowerWidgetExtension.entitlements;
				CODE_SIGN_STYLE = Automatic;
				CURRENT_PROJECT_VERSION = 2;
				DEVELOPMENT_TEAM = 39MK2JX9R4;
				ENABLE_APP_SANDBOX = YES;
				ENABLE_HARDENED_RUNTIME = YES;
				GENERATE_INFOPLIST_FILE = YES;
				INFOPLIST_FILE = NowerWidget/Info.plist;
				INFOPLIST_KEY_CFBundleDisplayName = "Nower 위젯";
				INFOPLIST_KEY_NSHumanReadableCopyright = "";
				LD_RUNPATH_SEARCH_PATHS = (
					"$(inherited)",
					"@executable_path/../Frameworks",
					"@executable_path/../../../../Frameworks",
				);
				MACOSX_DEPLOYMENT_TARGET = 15.7;
				MARKETING_VERSION = 1.0;
				PRODUCT_BUNDLE_IDENTIFIER = pr.jongwon.Nower.NowerWidget;
				PRODUCT_NAME = "$(TARGET_NAME)";
				SKIP_INSTALL = YES;
				STRING_CATALOG_GENERATE_SYMBOLS = YES;
				SWIFT_APPROACHABLE_CONCURRENCY = YES;
				SWIFT_EMIT_LOC_STRINGS = YES;
				SWIFT_UPCOMING_FEATURE_MEMBER_IMPORT_VISIBILITY = YES;
				SWIFT_VERSION = 5.0;
			};
			name = Release;
		};
/* End XCBuildConfiguration section */

/* Begin XCConfigurationList section */
		C3B113602D6C6A1C00D142B5 /* Build configuration list for PBXProject "Nower" */ = {
			isa = XCConfigurationList;
			buildConfigurations = (
				C3B113722D6C6A1D00D142B5 /* Debug */,
				C3B113732D6C6A1D00D142B5 /* Release */,
			);
			defaultConfigurationIsVisible = 0;
			defaultConfigurationName = Release;
		};
		C3B113742D6C6A1D00D142B5 /* Build configuration list for PBXNativeTarget "Nower" */ = {
			isa = XCConfigurationList;
			buildConfigurations = (
				C3B113752D6C6A1D00D142B5 /* Debug */,
				C3B113762D6C6A1D00D142B5 /* Release */,
			);
			defaultConfigurationIsVisible = 0;
			defaultConfigurationName = Release;
		};
		C3D771592F26490C00398804 /* Build configuration list for PBXNativeTarget "NowerWidgetExtension" */ = {
			isa = XCConfigurationList;
			buildConfigurations = (
				C3D7715A2F26490C00398804 /* Debug */,
				C3D7715B2F26490C00398804 /* Release */,
			);
			defaultConfigurationIsVisible = 0;
			defaultConfigurationName = Release;
		};
/* End XCConfigurationList section */

/* Begin XCSwiftPackageProductDependency section */
		C3D7779E2F3A386300398804 /* NowerCore */ = {
			isa = XCSwiftPackageProductDependency;
			productName = NowerCore;
		};
/* End XCSwiftPackageProductDependency section */
	};
	rootObject = C3B1135D2D6C6A1C00D142B5 /* Project object */;
}
